
Microsoft Visual Studio Solution File, Format Version 12.00
# Visual Studio 15
VisualStudioVersion = 15.0.26430.16
MinimumVisualStudioVersion = 10.0.40219.1
Project("{FAE04EC0-301F-11D3-BF4B-00C04F79EFBC}") = "CalculatorConsole", "Calculator\CalculatorConsole.csproj", "{6B2CD7CD-2730-4D41-A59A-A8C4D98DEA8D}"
EndProject
Project("{FAE04EC0-301F-11D3-BF4B-00C04F79EFBC}") = "CalculatorClass", "CalculatorClass\CalculatorClass.csproj", "{70D7B820-B494-426F-9209-2066AB03A6DD}"
EndProject
Project("{FAE04EC0-301F-11D3-BF4B-00C04F79EFBC}") = "WindowsFormsCalculator", "WindowsFormsCalculator\WindowsFormsCalculator.csproj", "{73F981C7-DB5E-491F-8452-5288C80B906F}"
EndProject
Global
	GlobalSection(SolutionConfigurationPlatforms) = preSolution
		Debug|Any CPU = Debug|Any CPU
		Release|Any CPU = Release|Any CPU
	EndGlobalSection
	GlobalSection(ProjectConfigurationPlatforms) = postSolution
		{6B2CD7CD-2730-4D41-A59A-A8C4D98DEA8D}.Debug|Any CPU.ActiveCfg = Debug|Any CPU
		{6B2CD7CD-2730-4D41-A59A-A8C4D98DEA8D}.Debug|Any CPU.Build.0 = Debug|Any CPU
		{6B2CD7CD-2730-4D41-A59A-A8C4D98DEA8D}.Release|Any CPU.ActiveCfg = Release|Any CPU
		{6B2CD7CD-2730-4D41-A59A-A8C4D98DEA8D}.Release|Any CPU.Build.0 = Release|Any CPU
		{70D7B820-B494-426F-9209-2066AB03A6DD}.Debug|Any CPU.ActiveCfg = Debug|Any CPU
		{70D7B820-B494-426F-9209-2066AB03A6DD}.Debug|Any CPU.Build.0 = Debug|Any CPU
		{70D7B820-B494-426F-9209-2066AB03A6DD}.Release|Any CPU.ActiveCfg = Release|Any CPU
		{70D7B820-B494-426F-9209-2066AB03A6DD}.Release|Any CPU.Build.0 = Release|Any CPU
		{73F981C7-DB5E-491F-8452-5288C80B906F}.Debug|Any CPU.ActiveCfg = Debug|Any CPU
		{73F981C7-DB5E-491F-8452-5288C80B906F}.Debug|Any CPU.Build.0 = Debug|Any CPU
		{73F981C7-DB5E-491F-8452-5288C80B906F}.Release|Any CPU.ActiveCfg = Release|Any CPU
		{73F981C7-DB5E-491F-8452-5288C80B906F}.Release|Any CPU.Build.0 = Release|Any CPU
	EndGlobalSection
	GlobalSection(SolutionProperties) = preSolution
		HideSolutionNode = FALSE
	EndGlobalSection
EndGlobal
